
Microsoft Visual Studio Solution File, Format Version 12.00
# Visual Studio Version 17
VisualStudioVersion = 17.9.34902.65
MinimumVisualStudioVersion = 10.0.40219.1
Project("{FAE04EC0-301F-11D3-BF4B-00C04F79EFBC}") = "OOPlab25", "OOPlab25\OOPlab25.csproj", "{13073184-C6EA-4C14-B4A8-EE0B29159D35}"
EndProject
Project("{2150E333-8FDC-42A3-9474-1A3956D46DE8}") = "Solution Items", "Solution Items", "{0202A363-FCE8-4B64-A7C2-B68D3E503095}"
	ProjectSection(SolutionItems) = preProject
		kindergarden.accdb = kindergarden.accdb
	EndProjectSection
EndProject
Global
	GlobalSection(SolutionConfigurationPlatforms) = preSolution
		Debug|Any CPU = Debug|Any CPU
		Release|Any CPU = Release|Any CPU
	EndGlobalSection
	GlobalSection(ProjectConfigurationPlatforms) = postSolution
		{13073184-C6EA-4C14-B4A8-EE0B29159D35}.Debug|Any CPU.ActiveCfg = Debug|Any CPU
		{13073184-C6EA-4C14-B4A8-EE0B29159D35}.Debug|Any CPU.Build.0 = Debug|Any CPU
		{13073184-C6EA-4C14-B4A8-EE0B29159D35}.Release|Any CPU.ActiveCfg = Release|Any CPU
		{13073184-C6EA-4C14-B4A8-EE0B29159D35}.Release|Any CPU.Build.0 = Release|Any CPU
	EndGlobalSection
	GlobalSection(SolutionProperties) = preSolution
		HideSolutionNode = FALSE
	EndGlobalSection
	GlobalSection(ExtensibilityGlobals) = postSolution
		SolutionGuid = {7DCB3A99-EAE1-4893-93DA-4F6DAB076C96}
	EndGlobalSection
EndGlobal
