
Microsoft Visual Studio Solution File, Format Version 12.00
# Visual Studio Version 17
VisualStudioVersion = 17.9.34902.65
MinimumVisualStudioVersion = 10.0.40219.1
Project("{FAE04EC0-301F-11D3-BF4B-00C04F79EFBC}") = "kursova", "kursova\kursova.csproj", "{03F21A5B-3CE0-4342-84E1-70D9EF55ACCF}"
EndProject
Global
	GlobalSection(SolutionConfigurationPlatforms) = preSolution
		Debug|Any CPU = Debug|Any CPU
		Release|Any CPU = Release|Any CPU
	EndGlobalSection
	GlobalSection(ProjectConfigurationPlatforms) = postSolution
		{03F21A5B-3CE0-4342-84E1-70D9EF55ACCF}.Debug|Any CPU.ActiveCfg = Debug|Any CPU
		{03F21A5B-3CE0-4342-84E1-70D9EF55ACCF}.Debug|Any CPU.Build.0 = Debug|Any CPU
		{03F21A5B-3CE0-4342-84E1-70D9EF55ACCF}.Release|Any CPU.ActiveCfg = Release|Any CPU
		{03F21A5B-3CE0-4342-84E1-70D9EF55ACCF}.Release|Any CPU.Build.0 = Release|Any CPU
	EndGlobalSection
	GlobalSection(SolutionProperties) = preSolution
		HideSolutionNode = FALSE
	EndGlobalSection
	GlobalSection(ExtensibilityGlobals) = postSolution
		SolutionGuid = {698FBFDE-ED12-4C81-9CD8-928BA29DF8DC}
	EndGlobalSection
EndGlobal
